Microsoft Visual Studio Solution File, Format Version 12.00
# Visual Studio Version 17
VisualStudioVersion = 17.5.2.0
MinimumVisualStudioVersion = 10.0.40219.1
Project("{FAE04EC0-301F-11D3-BF4B-00C04F79EFBC}") = "PersonalBlog", "PersonalBlog.csproj", "{F4E2CDD6-C7E3-F32F-F9E2-D52B0D7EDE10}"
EndProject
Global
	GlobalSection(SolutionConfigurationPlatforms) = preSolution
		Debug|Any CPU = Debug|Any CPU
		Release|Any CPU = Release|Any CPU
	EndGlobalSection
	GlobalSection(ProjectConfigurationPlatforms) = postSolution
		{F4E2CDD6-C7E3-F32F-F9E2-D52B0D7EDE10}.Debug|Any CPU.ActiveCfg = Debug|Any CPU
		{F4E2CDD6-C7E3-F32F-F9E2-D52B0D7EDE10}.Debug|Any CPU.Build.0 = Debug|Any CPU
		{F4E2CDD6-C7E3-F32F-F9E2-D52B0D7EDE10}.Release|Any CPU.ActiveCfg = Release|Any CPU
		{F4E2CDD6-C7E3-F32F-F9E2-D52B0D7EDE10}.Release|Any CPU.Build.0 = Release|Any CPU
	EndGlobalSection
	GlobalSection(SolutionProperties) = preSolution
		HideSolutionNode = FALSE
	EndGlobalSection
	GlobalSection(ExtensibilityGlobals) = postSolution
		SolutionGuid = {22EEA705-0DDA-4B6B-B920-1AC61D1F0AFF}
	EndGlobalSection
EndGlobal
