Microsoft Visual Studio Solution File, Format Version 12.00
# Visual Studio Version 17
VisualStudioVersion = 17.5.2.0
MinimumVisualStudioVersion = 10.0.40219.1
Project("{FAE04EC0-301F-11D3-BF4B-00C04F79EFBC}") = "PersonalBlog.Web", "PersonalBlog.Web\PersonalBlog.Web.csproj", "{F9CC1318-B2BF-CDE3-823A-72DCDBC440CF}"
EndProject
Project("{FAE04EC0-301F-11D3-BF4B-00C04F79EFBC}") = "PersonalBlog.DataLayer", "PersonalBlog.DataLayer\PersonalBlog.DataLayer.csproj", "{F15F0E2B-0189-4BB9-BD55-DDE995DF3FE1}"
EndProject
Project("{FAE04EC0-301F-11D3-BF4B-00C04F79EFBC}") = "PersonalBlog.CoreLayer", "PersonalBlog.CoreLayer\PersonalBlog.CoreLayer.csproj", "{11736FB7-3A26-4E66-91ED-C3841998097C}"
EndProject
Global
	GlobalSection(SolutionConfigurationPlatforms) = preSolution
		Debug|Any CPU = Debug|Any CPU
		Release|Any CPU = Release|Any CPU
	EndGlobalSection
	GlobalSection(ProjectConfigurationPlatforms) = postSolution
		{F9CC1318-B2BF-CDE3-823A-72DCDBC440CF}.Debug|Any CPU.ActiveCfg = Debug|Any CPU
		{F9CC1318-B2BF-CDE3-823A-72DCDBC440CF}.Debug|Any CPU.Build.0 = Debug|Any CPU
		{F9CC1318-B2BF-CDE3-823A-72DCDBC440CF}.Release|Any CPU.ActiveCfg = Release|Any CPU
		{F9CC1318-B2BF-CDE3-823A-72DCDBC440CF}.Release|Any CPU.Build.0 = Release|Any CPU
		{F15F0E2B-0189-4BB9-BD55-DDE995DF3FE1}.Debug|Any CPU.ActiveCfg = Debug|Any CPU
		{F15F0E2B-0189-4BB9-BD55-DDE995DF3FE1}.Debug|Any CPU.Build.0 = Debug|Any CPU
		{F15F0E2B-0189-4BB9-BD55-DDE995DF3FE1}.Release|Any CPU.ActiveCfg = Release|Any CPU
		{F15F0E2B-0189-4BB9-BD55-DDE995DF3FE1}.Release|Any CPU.Build.0 = Release|Any CPU
		{11736FB7-3A26-4E66-91ED-C3841998097C}.Debug|Any CPU.ActiveCfg = Debug|Any CPU
		{11736FB7-3A26-4E66-91ED-C3841998097C}.Debug|Any CPU.Build.0 = Debug|Any CPU
		{11736FB7-3A26-4E66-91ED-C3841998097C}.Release|Any CPU.ActiveCfg = Release|Any CPU
		{11736FB7-3A26-4E66-91ED-C3841998097C}.Release|Any CPU.Build.0 = Release|Any CPU
	EndGlobalSection
	GlobalSection(SolutionProperties) = preSolution
		HideSolutionNode = FALSE
	EndGlobalSection
	GlobalSection(ExtensibilityGlobals) = postSolution
		SolutionGuid = {0D9BB596-B5A6-4A5A-8095-CDF0605902FE}
	EndGlobalSection
EndGlobal
